<Solution>
  <Folder Name="/src/">
    <Project Path="RetailCompare.API/RetailCompare.API.csproj">
      <BuildDependency Project="RetailCompare.App/RetailCompare.App.csproj" />
    </Project>
    <Project Path="RetailCompare.App/RetailCompare.App.csproj">
      <Deploy Solution="Debug|*" />
    </Project>
    <Project Path="RetailCompare.Shared/RetailCompare.Shared.csproj">
      <Build Solution="Debug|*" Project="false" />
    </Project>
  </Folder>
</Solution>
